// !$*UTF8*$!
{
	archiveVersion = 1;
	classes = {
	};
	objectVersion = 46;
	objects = {

/* Begin PBXBuildFile section */
		CB21EBE01B07EBCF008CB716 /* walkthrough.gif in Resources */ = {isa = PBXBuildFile; fileRef = CB21EBDF1B07EBCF008CB716 /* walkthrough.gif */; };
		CB21EBE21B07F5F7008CB716 /* Images-2.xcassets in Resources */ = {isa = PBXBuildFile; fileRef = CB21EBE11B07F5F7008CB716 /* Images-2.xcassets */; };
		CBA1E8071B040E330075ACB1 /* AppDelegate.swift in Sources */ = {isa = PBXBuildFile; fileRef = CBA1E8061B040E330075ACB1 /* AppDelegate.swift */; };
		CBA1E8091B040E330075ACB1 /* ViewController.swift in Sources */ = {isa = PBXBuildFile; fileRef = CBA1E8081B040E330075ACB1 /* ViewController.swift */; };
		CBA1E80C1B040E330075ACB1 /* Main.storyboard in Resources */ = {isa = PBXBuildFile; fileRef = CBA1E80A1B040E330075ACB1 /* Main.storyboard */; };
		CBA1E80E1B040E330075ACB1 /* Images.xcassets in Resources */ = {isa = PBXBuildFile; fileRef = CBA1E80D1B040E330075ACB1 /* Images.xcassets */; };
		CBA1E8111B040E330075ACB1 /* LaunchScreen.xib in Resources */ = {isa = PBXBuildFile; fileRef = CBA1E80F1B040E330075ACB1 /* LaunchScreen.xib */; };
		CBA1E81D1B040E330075ACB1 /* tipsTests.swift in Sources */ = {isa = PBXBuildFile; fileRef = CBA1E81C1B040E330075ACB1 /* tipsTests.swift */; };
		CBA1E8271B0563D30075ACB1 /* SettingViewController.swift in Sources */ = {isa = PBXBuildFile; fileRef = CBA1E8261B0563D30075ACB1 /* SettingViewController.swift */; };
/* End PBXBuildFile section */

/* Begin PBXContainerItemProxy section */
		CBA1E8171B040E330075ACB1 /* PBXContainerItemProxy */ = {
			isa = PBXContainerItemProxy;
			containerPortal = CBA1E7F91B040E330075ACB1 /* Project object */;
			proxyType = 1;
			remoteGlobalIDString = CBA1E8001B040E330075ACB1;
			remoteInfo = tips;
		};
/* End PBXContainerItemProxy section */

/* Begin PBXFileReference section */
		CB21EBDF1B07EBCF008CB716 /* walkthrough.gif */ = {isa = PBXFileReference; lastKnownFileType = image.gif; name = walkthrough.gif; path = ../../../../Documents/walkthrough.gif; sourceTree = "<group>"; };
		CB21EBE11B07F5F7008CB716 /* Images-2.xcassets */ = {isa = PBXFileReference; lastKnownFileType = folder.assetcatalog; path = "Images-2.xcassets"; sourceTree = "<group>"; };
		CBA1E8011B040E330075ACB1 /* tips.app */ = {isa = PBXFileReference; explicitFileType = wrapper.application; includeInIndex = 0; path = tips.app; sourceTree = BUILT_PRODUCTS_DIR; };
		CBA1E8051B040E330075ACB1 /* Info.plist */ = {isa = PBXFileReference; lastKnownFileType = text.plist.xml; path = Info.plist; sourceTree = "<group>"; };
		CBA1E8061B040E330075ACB1 /* AppDelegate.swift */ = {isa = PBXFileReference; lastKnownFileType = sourcecode.swift; path = AppDelegate.swift; sourceTree = "<group>"; };
		CBA1E8081B040E330075ACB1 /* ViewController.swift */ = {isa = PBXFileReference; lastKnownFileType = sourcecode.swift; path = ViewController.swift; sourceTree = "<group>"; };
		CBA1E80B1B040E330075ACB1 /* Base */ = {isa = PBXFileReference; lastKnownFileType = file.storyboard; name = Base; path = Base.lproj/Main.storyboard; sourceTree = "<group>"; };
		CBA1E80D1B040E330075ACB1 /* Images.xcassets */ = {isa = PBXFileReference; lastKnownFileType = folder.assetcatalog; path = Images.xcassets; sourceTree = "<group>"; };
		CBA1E8101B040E330075ACB1 /* Base */ = {isa = PBXFileReference; lastKnownFileType = file.xib; name = Base; path = Base.lproj/LaunchScreen.xib; sourceTree = "<group>"; };
		CBA1E8161B040E330075ACB1 /* tipsTests.xctest */ = {isa = PBXFileReference; explicitFileType = wrapper.cfbundle; includeInIndex = 0; path = tipsTests.xctest; sourceTree = BUILT_PRODUCTS_DIR; };
		CBA1E81B1B040E330075ACB1 /* Info.plist */ = {isa = PBXFileReference; lastKnownFileType = text.plist.xml; path = Info.plist; sourceTree = "<group>"; };
		CBA1E81C1B040E330075ACB1 /* tipsTests.swift */ = {isa = PBXFileReference; lastKnownFileType = sourcecode.swift; path = tipsTests.swift; sourceTree = "<group>"; };
		CBA1E8261B0563D30075ACB1 /* SettingViewController.swift */ = {isa = PBXFileReference; fileEncoding = 4; lastKnownFileType = sourcecode.swift; path = SettingViewController.swift; sourceTree = "<group>"; };
/* End PBXFileReference section */

/* Begin PBXFrameworksBuildPhase section */
		CBA1E7FE1B040E330075ACB1 /* Frameworks */ = {
			isa = PBXFrameworksBuildPhase;
			buildActionMask = 2147483647;
			files = (
			);
			runOnlyForDeploymentPostprocessing = 0;
		};
		CBA1E8131B040E330075ACB1 /* Frameworks */ = {
			isa = PBXFrameworksBuildPhase;
			buildActionMask = 2147483647;
			files = (
			);
			runOnlyForDeploymentPostprocessing = 0;
		};
/* End PBXFrameworksBuildPhase section */

/* Begin PBXGroup section */
		CBA1E7F81B040E330075ACB1 = {
			isa = PBXGroup;
			children = (
				CBA1E8031B040E330075ACB1 /* tips */,
				CBA1E8191B040E330075ACB1 /* tipsTests */,
				CBA1E8021B040E330075ACB1 /* Products */,
			);
			sourceTree = "<group>";
		};
		CBA1E8021B040E330075ACB1 /* Products */ = {
			isa = PBXGroup;
			children = (
				CBA1E8011B040E330075ACB1 /* tips.app */,
				CBA1E8161B040E330075ACB1 /* tipsTests.xctest */,
			);
			name = Products;
			sourceTree = "<group>";
		};
		CBA1E8031B040E330075ACB1 /* tips */ = {
			isa = PBXGroup;
			children = (
				CB21EBDF1B07EBCF008CB716 /* walkthrough.gif */,
				CBA1E8061B040E330075ACB1 /* AppDelegate.swift */,
				CBA1E8261B0563D30075ACB1 /* SettingViewController.swift */,
				CBA1E8081B040E330075ACB1 /* ViewController.swift */,
				CBA1E80A1B040E330075ACB1 /* Main.storyboard */,
				CBA1E80D1B040E330075ACB1 /* Images.xcassets */,
				CBA1E80F1B040E330075ACB1 /* LaunchScreen.xib */,
				CB21EBE11B07F5F7008CB716 /* Images-2.xcassets */,
				CBA1E8041B040E330075ACB1 /* Supporting Files */,
			);
			path = tips;
			sourceTree = "<group>";
		};
		CBA1E8041B040E330075ACB1 /* Supporting Files */ = {
			isa = PBXGroup;
			children = (
				CBA1E8051B040E330075ACB1 /* Info.plist */,
			);
			name = "Supporting Files";
			sourceTree = "<group>";
		};
		CBA1E8191B040E330075ACB1 /* tipsTests */ = {
			isa = PBXGroup;
			children = (
				CBA1E81C1B040E330075ACB1 /* tipsTests.swift */,
				CBA1E81A1B040E330075ACB1 /* Supporting Files */,
			);
			path = tipsTests;
			sourceTree = "<group>";
		};
		CBA1E81A1B040E330075ACB1 /* Supporting Files */ = {
			isa = PBXGroup;
			children = (
				CBA1E81B1B040E330075ACB1 /* Info.plist */,
			);
			name = "Supporting Files";
			sourceTree = "<group>";
		};
/* End PBXGroup section */

/* Begin PBXNativeTarget section */
		CBA1E8001B040E330075ACB1 /* tips */ = {
			isa = PBXNativeTarget;
			buildConfigurationList = CBA1E8201B040E330075ACB1 /* Build configuration list for PBXNativeTarget "tips" */;
			buildPhases = (
				CBA1E7FD1B040E330075ACB1 /* Sources */,
				CBA1E7FE1B040E330075ACB1 /* Frameworks */,
				CBA1E7FF1B040E330075ACB1 /* Resources */,
			);
			buildRules = (
			);
			dependencies = (
			);
			name = tips;
			productName = tips;
			productReference = CBA1E8011B040E330075ACB1 /* tips.app */;
			productType = "com.apple.product-type.application";
		};
		CBA1E8151B040E330075ACB1 /* tipsTests */ = {
			isa = PBXNativeTarget;
			buildConfigurationList = CBA1E8231B040E330075ACB1 /* Build configuration list for PBXNativeTarget "tipsTests" */;
			buildPhases = (
				CBA1E8121B040E330075ACB1 /* Sources */,
				CBA1E8131B040E330075ACB1 /* Frameworks */,
				CBA1E8141B040E330075ACB1 /* Resources */,
			);
			buildRules = (
			);
			dependencies = (
				CBA1E8181B040E330075ACB1 /* PBXTargetDependency */,
			);
			name = tipsTests;
			productName = tipsTests;
			productReference = CBA1E8161B040E330075ACB1 /* tipsTests.xctest */;
			productType = "com.apple.product-type.bundle.unit-test";
		};
/* End PBXNativeTarget section */

/* Begin PBXProject section */
		CBA1E7F91B040E330075ACB1 /* Project object */ = {
			isa = PBXProject;
			attributes = {
				LastUpgradeCheck = 0630;
				ORGANIZATIONNAME = Codepath;
				TargetAttributes = {
					CBA1E8001B040E330075ACB1 = {
						CreatedOnToolsVersion = 6.3.1;
					};
					CBA1E8151B040E330075ACB1 = {
						CreatedOnToolsVersion = 6.3.1;
						TestTargetID = CBA1E8001B040E330075ACB1;
					};
				};
			};
			buildConfigurationList = CBA1E7FC1B040E330075ACB1 /* Build configuration list for PBXProject "tips" */;
			compatibilityVersion = "Xcode 3.2";
			developmentRegion = English;
			hasScannedForEncodings = 0;
			knownRegions = (
				en,
				Base,
			);
			mainGroup = CBA1E7F81B040E330075ACB1;
			productRefGroup = CBA1E8021B040E330075ACB1 /* Products */;
			projectDirPath = "";
			projectRoot = "";
			targets = (
				CBA1E8001B040E330075ACB1 /* tips */,
				CBA1E8151B040E330075ACB1 /* tipsTests */,
			);
		};
/* End PBXProject section */

/* Begin PBXResourcesBuildPhase section */
		CBA1E7FF1B040E330075ACB1 /* Resources */ = {
			isa = PBXResourcesBuildPhase;
			buildActionMask = 2147483647;
			files = (
				CBA1E80C1B040E330075ACB1 /* Main.storyboard in Resources */,
				CBA1E8111B040E330075ACB1 /* LaunchScreen.xib in Resources */,
				CBA1E80E1B040E330075ACB1 /* Images.xcassets in Resources */,
				CB21EBE21B07F5F7008CB716 /* Images-2.xcassets in Resources */,
				CB21EBE01B07EBCF008CB716 /* walkthrough.gif in Resources */,
			);
			runOnlyForDeploymentPostprocessing = 0;
		};
		CBA1E8141B040E330075ACB1 /* Resources */ = {
			isa = PBXResourcesBuildPhase;
			buildActionMask = 2147483647;
			files = (
			);
			runOnlyForDeploymentPostprocessing = 0;
		};
/* End PBXResourcesBuildPhase section */

/* Begin PBXSourcesBuildPhase section */
		CBA1E7FD1B040E330075ACB1 /* Sources */ = {
			isa = PBXSourcesBuildPhase;
			buildActionMask = 2147483647;
			files = (
				CBA1E8091B040E330075ACB1 /* ViewController.swift in Sources */,
				CBA1E8071B040E330075ACB1 /* AppDelegate.swift in Sources */,
				CBA1E8271B0563D30075ACB1 /* SettingViewController.swift in Sources */,
			);
			runOnlyForDeploymentPostprocessing = 0;
		};
		CBA1E8121B040E330075ACB1 /* Sources */ = {
			isa = PBXSourcesBuildPhase;
			buildActionMask = 2147483647;
			files = (
				CBA1E81D1B040E330075ACB1 /* tipsTests.swift in Sources */,
			);
			runOnlyForDeploymentPostprocessing = 0;
		};
/* End PBXSourcesBuildPhase section */

/* Begin PBXTargetDependency section */
		CBA1E8181B040E330075ACB1 /* PBXTargetDependency */ = {
			isa = PBXTargetDependency;
			target = CBA1E8001B040E330075ACB1 /* tips */;
			targetProxy = CBA1E8171B040E330075ACB1 /* PBXContainerItemProxy */;
		};
/* End PBXTargetDependency section */

/* Begin PBXVariantGroup section */
		CBA1E80A1B040E330075ACB1 /* Main.storyboard */ = {
			isa = PBXVariantGroup;
			children = (
				CBA1E80B1B040E330075ACB1 /* Base */,
			);
			name = Main.storyboard;
			sourceTree = "<group>";
		};
		CBA1E80F1B040E330075ACB1 /* LaunchScreen.xib */ = {
			isa = PBXVariantGroup;
			children = (
				CBA1E8101B040E330075ACB1 /* Base */,
			);
			name = LaunchScreen.xib;
			sourceTree = "<group>";
		};
/* End PBXVariantGroup section */

/* Begin XCBuildConfiguration section */
		CBA1E81E1B040E330075ACB1 /* Debug */ = {
			isa = XCBuildConfiguration;
			buildSettings = {
				ALWAYS_SEARCH_USER_PATHS = NO;
				CLANG_CXX_LANGUAGE_STANDARD = "gnu++0x";
				CLANG_CXX_LIBRARY = "libc++";
				CLANG_ENABLE_MODULES = YES;
				CLANG_ENABLE_OBJC_ARC = YES;
				CLANG_WARN_BOOL_CONVERSION = YES;
				CLANG_WARN_CONSTANT_CONVERSION = YES;
				CLANG_WARN_DIRECT_OBJC_ISA_USAGE = YES_ERROR;
				CLANG_WARN_EMPTY_BODY = YES;
				CLANG_WARN_ENUM_CONVERSION = YES;
				CLANG_WARN_INT_CONVERSION = YES;
				CLANG_WARN_OBJC_ROOT_CLASS = YES_ERROR;
				CLANG_WARN_UNREACHABLE_CODE = YES;
				CLANG_WARN__DUPLICATE_METHOD_MATCH = YES;
				"CODE_SIGN_IDENTITY[sdk=iphoneos*]" = "iPhone Developer";
				COPY_PHASE_STRIP = NO;
				DEBUG_INFORMATION_FORMAT = "dwarf-with-dsym";
				ENABLE_STRICT_OBJC_MSGSEND = YES;
				GCC_C_LANGUAGE_STANDARD = gnu99;
				GCC_DYNAMIC_NO_PIC = NO;
				GCC_NO_COMMON_BLOCKS = YES;
				GCC_OPTIMIZATION_LEVEL = 0;
				GCC_PREPROCESSOR_DEFINITIONS = (
					"DEBUG=1",
					"$(inherited)",
				);
				GCC_SYMBOLS_PRIVATE_EXTERN = NO;
				GCC_WARN_64_TO_32_BIT_CONVERSION = YES;
				GCC_WARN_ABOUT_RETURN_TYPE = YES_ERROR;
				GCC_WARN_UNDECLARED_SELECTOR = YES;
				GCC_WARN_UNINITIALIZED_AUTOS = YES_AGGRESSIVE;
				GCC_WARN_UNUSED_FUNCTION = YES;
				GCC_WARN_UNUSED_VARIABLE = YES;
				IPHONEOS_DEPLOYMENT_TARGET = 8.3;
				MTL_ENABLE_DEBUG_INFO = YES;
				ONLY_ACTIVE_ARCH = YES;
				SDKROOT = iphoneos;
				SWIFT_OPTIMIZATION_LEVEL = "-Onone";
			};
			name = Debug;
		};
		CBA1E81F1B040E330075ACB1 /* Release */ = {
			isa = XCBuildConfiguration;
			buildSettings = {
				ALWAYS_SEARCH_USER_PATHS = NO;
				CLANG_CXX_LANGUAGE_STANDARD = "gnu++0x";
				CLANG_CXX_LIBRARY = "libc++";
				CLANG_ENABLE_MODULES = YES;
				CLANG_ENABLE_OBJC_ARC = YES;
				CLANG_WARN_BOOL_CONVERSION = YES;
				CLANG_WARN_CONSTANT_CONVERSION = YES;
				CLANG_WARN_DIRECT_OBJC_ISA_USAGE = YES_ERROR;
				CLANG_WARN_EMPTY_BODY = YES;
				CLANG_WARN_ENUM_CONVERSION = YES;
				CLANG_WARN_INT_CONVERSION = YES;
				CLANG_WARN_OBJC_ROOT_CLASS = YES_ERROR;
				CLANG_WARN_UNREACHABLE_CODE = YES;
				CLANG_WARN__DUPLICATE_METHOD_MATCH = YES;
				"CODE_SIGN_IDENTITY[sdk=iphoneos*]" = "iPhone Developer";
				COPY_PHASE_STRIP = NO;
				DEBUG_INFORMATION_FORMAT = "dwarf-with-dsym";
				ENABLE_NS_ASSERTIONS = NO;
				ENABLE_STRICT_OBJC_MSGSEND = YES;
				GCC_C_LANGUAGE_STANDARD = gnu99;
				GCC_NO_COMMON_BLOCKS = YES;
				GCC_WARN_64_TO_32_BIT_CONVERSION = YES;
				GCC_WARN_ABOUT_RETURN_TYPE = YES_ERROR;
				GCC_WARN_UNDECLARED_SELECTOR = YES;
				GCC_WARN_UNINITIALIZED_AUTOS = YES_AGGRESSIVE;
				GCC_WARN_UNUSED_FUNCTION = YES;
				GCC_WARN_UNUSED_VARIABLE = YES;
				IPHONEOS_DEPLOYMENT_TARGET = 8.3;
				MTL_ENABLE_DEBUG_INFO = NO;
				SDKROOT = iphoneos;
				VALIDATE_PRODUCT = YES;
			};
			name = Release;
		};
		CBA1E8211B040E330075ACB1 /* Debug */ = {
			isa = XCBuildConfiguration;
			buildSettings = {
				ASSETCATALOG_COMPILER_APPICON_NAME = AppIcon;
				ASSETCATALOG_COMPILER_LAUNCHIMAGE_NAME = LaunchImage;
				INFOPLIST_FILE = tips/Info.plist;
				IPHONEOS_DEPLOYMENT_TARGET = 8.3;
				LD_RUNPATH_SEARCH_PATHS = "$(inherited) @executable_path/Frameworks";
				PRODUCT_NAME = "$(TARGET_NAME)";
			};
			name = Debug;
		};
		CBA1E8221B040E330075ACB1 /* Release */ = {
			isa = XCBuildConfiguration;
			buildSettings = {
				ASSETCATALOG_COMPILER_APPICON_NAME = AppIcon;
				ASSETCATALOG_COMPILER_LAUNCHIMAGE_NAME = LaunchImage;
				INFOPLIST_FILE = tips/Info.plist;
				IPHONEOS_DEPLOYMENT_TARGET = 8.3;
				LD_RUNPATH_SEARCH_PATHS = "$(inherited) @executable_path/Frameworks";
				PRODUCT_NAME = "$(TARGET_NAME)";
			};
			name = Release;
		};
		CBA1E8241B040E330075ACB1 /* Debug */ = {
			isa = XCBuildConfiguration;
			buildSettings = {
				BUNDLE_LOADER = "$(TEST_HOST)";
				FRAMEWORK_SEARCH_PATHS = (
					"$(SDKROOT)/Developer/Library/Frameworks",
					"$(inherited)",
				);
				GCC_PREPROCESSOR_DEFINITIONS = (
					"DEBUG=1",
					"$(inherited)",
				);
				INFOPLIST_FILE = tipsTests/Info.plist;
				LD_RUNPATH_SEARCH_PATHS = "$(inherited) @executable_path/Frameworks @loader_path/Frameworks";
				PRODUCT_NAME = "$(TARGET_NAME)";
				TEST_HOST = "$(BUILT_PRODUCTS_DIR)/tips.app/tips";
			};
			name = Debug;
		};
		CBA1E8251B040E330075ACB1 /* Release */ = {
			isa = XCBuildConfiguration;
			buildSettings = {
				BUNDLE_LOADER = "$(TEST_HOST)";
				FRAMEWORK_SEARCH_PATHS = (
					"$(SDKROOT)/Developer/Library/Frameworks",
					"$(inherited)",
				);
				INFOPLIST_FILE = tipsTests/Info.plist;
				LD_RUNPATH_SEARCH_PATHS = "$(inherited) @executable_path/Frameworks @loader_path/Frameworks";
				PRODUCT_NAME = "$(TARGET_NAME)";
				TEST_HOST = "$(BUILT_PRODUCTS_DIR)/tips.app/tips";
			};
			name = Release;
		};
/* End XCBuildConfiguration section */

/* Begin XCConfigurationList section */
		CBA1E7FC1B040E330075ACB1 /* Build configuration list for PBXProject "tips" */ = {
			isa = XCConfigurationList;
			buildConfigurations = (
				CBA1E81E1B040E330075ACB1 /* Debug */,
				CBA1E81F1B040E330075ACB1 /* Release */,
			);
			defaultConfigurationIsVisible = 0;
			defaultConfigurationName = Release;
		};
		CBA1E8201B040E330075ACB1 /* Build configuration list for PBXNativeTarget "tips" */ = {
			isa = XCConfigurationList;
			buildConfigurations = (
				CBA1E8211B040E330075ACB1 /* Debug */,
				CBA1E8221B040E330075ACB1 /* Release */,
			);
			defaultConfigurationIsVisible = 0;
			defaultConfigurationName = Release;
		};
		CBA1E8231B040E330075ACB1 /* Build configuration list for PBXNativeTarget "tipsTests" */ = {
			isa = XCConfigurationList;
			buildConfigurations = (
				CBA1E8241B040E330075ACB1 /* Debug */,
				CBA1E8251B040E330075ACB1 /* Release */,
			);
			defaultConfigurationIsVisible = 0;
			defaultConfigurationName = Release;
		};
/* End XCConfigurationList section */
	};
	rootObject = CBA1E7F91B040E330075ACB1 /* Project object */;
}
